
Microsoft Visual Studio Solution File, Format Version 12.00
# Visual Studio Version 17
VisualStudioVersion = 17.0.31903.59
MinimumVisualStudioVersion = 10.0.40219.1
Project("{2150E333-8FDC-42A3-9474-1A3956D46DE8}") = "RoomSense.Api", "RoomSense.Api", "{4215B4FF-1648-45BA-934E-D5A51FAC7138}"
EndProject
Project("{FAE04EC0-301F-11D3-BF4B-00C04F79EFBC}") = "RoomSense.Api.App", "RoomSense.Api.App\RoomSense.Api.App.csproj", "{B12F581D-7EC7-4A07-9C1D-0EA1CD3D6D25}"
EndProject
Project("{FAE04EC0-301F-11D3-BF4B-00C04F79EFBC}") = "RoomSense.Api.Lib", "RoomSense.Api.Lib\RoomSense.Api.Lib.csproj", "{11E83BE3-7D8B-45F7-8EDF-BB1860C68F7D}"
EndProject
Project("{2150E333-8FDC-42A3-9474-1A3956D46DE8}") = "RoomSense.Frontend", "RoomSense.Frontend", "{5A5AFC56-C74D-4FB5-B9A6-D2113B4819A9}"
EndProject
Project("{FAE04EC0-301F-11D3-BF4B-00C04F79EFBC}") = "RoomSense.Frontend.App", "RoomSense.Frontend.App\RoomSense.Frontend.App.csproj", "{41E94AA8-BF34-4C6F-93CE-8F3DC7A2A8AA}"
EndProject
Project("{FAE04EC0-301F-11D3-BF4B-00C04F79EFBC}") = "RoomSense.Api.Lib.Tests", "RoomSense.Api.Lib.Tests\RoomSense.Api.Lib.Tests.csproj", "{EA3A1BF0-6565-46BF-BEB3-6A9D2D8B620A}"
EndProject
Global
	GlobalSection(SolutionConfigurationPlatforms) = preSolution
		Debug|Any CPU = Debug|Any CPU
		Release|Any CPU = Release|Any CPU
	EndGlobalSection
	GlobalSection(SolutionProperties) = preSolution
		HideSolutionNode = FALSE
	EndGlobalSection
	GlobalSection(NestedProjects) = preSolution
		{B12F581D-7EC7-4A07-9C1D-0EA1CD3D6D25} = {4215B4FF-1648-45BA-934E-D5A51FAC7138}
		{11E83BE3-7D8B-45F7-8EDF-BB1860C68F7D} = {4215B4FF-1648-45BA-934E-D5A51FAC7138}
		{41E94AA8-BF34-4C6F-93CE-8F3DC7A2A8AA} = {5A5AFC56-C74D-4FB5-B9A6-D2113B4819A9}
		{EA3A1BF0-6565-46BF-BEB3-6A9D2D8B620A} = {4215B4FF-1648-45BA-934E-D5A51FAC7138}
	EndGlobalSection
	GlobalSection(ProjectConfigurationPlatforms) = postSolution
		{B12F581D-7EC7-4A07-9C1D-0EA1CD3D6D25}.Debug|Any CPU.ActiveCfg = Debug|Any CPU
		{B12F581D-7EC7-4A07-9C1D-0EA1CD3D6D25}.Debug|Any CPU.Build.0 = Debug|Any CPU
		{B12F581D-7EC7-4A07-9C1D-0EA1CD3D6D25}.Release|Any CPU.ActiveCfg = Release|Any CPU
		{B12F581D-7EC7-4A07-9C1D-0EA1CD3D6D25}.Release|Any CPU.Build.0 = Release|Any CPU
		{11E83BE3-7D8B-45F7-8EDF-BB1860C68F7D}.Debug|Any CPU.ActiveCfg = Debug|Any CPU
		{11E83BE3-7D8B-45F7-8EDF-BB1860C68F7D}.Debug|Any CPU.Build.0 = Debug|Any CPU
		{11E83BE3-7D8B-45F7-8EDF-BB1860C68F7D}.Release|Any CPU.ActiveCfg = Release|Any CPU
		{11E83BE3-7D8B-45F7-8EDF-BB1860C68F7D}.Release|Any CPU.Build.0 = Release|Any CPU
		{41E94AA8-BF34-4C6F-93CE-8F3DC7A2A8AA}.Debug|Any CPU.ActiveCfg = Debug|Any CPU
		{41E94AA8-BF34-4C6F-93CE-8F3DC7A2A8AA}.Debug|Any CPU.Build.0 = Debug|Any CPU
		{41E94AA8-BF34-4C6F-93CE-8F3DC7A2A8AA}.Release|Any CPU.ActiveCfg = Release|Any CPU
		{41E94AA8-BF34-4C6F-93CE-8F3DC7A2A8AA}.Release|Any CPU.Build.0 = Release|Any CPU
		{EA3A1BF0-6565-46BF-BEB3-6A9D2D8B620A}.Debug|Any CPU.ActiveCfg = Debug|Any CPU
		{EA3A1BF0-6565-46BF-BEB3-6A9D2D8B620A}.Debug|Any CPU.Build.0 = Debug|Any CPU
		{EA3A1BF0-6565-46BF-BEB3-6A9D2D8B620A}.Release|Any CPU.ActiveCfg = Release|Any CPU
		{EA3A1BF0-6565-46BF-BEB3-6A9D2D8B620A}.Release|Any CPU.Build.0 = Release|Any CPU
	EndGlobalSection
EndGlobal
